
Microsoft Visual Studio Solution File, Format Version 12.00
# Visual Studio Version 17
VisualStudioVersion = 17.12.35527.113 d17.12
MinimumVisualStudioVersion = 10.0.40219.1
Project("{FAE04EC0-301F-11D3-BF4B-00C04F79EFBC}") = "Infrastructure", "Infrastructure\Infrastructure.csproj", "{76F17574-EF34-475F-A8BA-3A3F6F90AB3E}"
EndProject
Project("{FAE04EC0-301F-11D3-BF4B-00C04F79EFBC}") = "Domain", "Domain\Domain.csproj", "{B39C87A9-5163-4A64-8853-9392FDAEE972}"
EndProject
Project("{FAE04EC0-301F-11D3-BF4B-00C04F79EFBC}") = "Application", "Application\Application.csproj", "{4C3C9013-0E7E-4CA1-961F-4F48F75D678F}"
EndProject
Project("{FAE04EC0-301F-11D3-BF4B-00C04F79EFBC}") = "API", "API\API.csproj", "{92E2D780-8E9C-4DB4-8B5A-4A5A31BE79A1}"
EndProject
Global
	GlobalSection(SolutionConfigurationPlatforms) = preSolution
		Debug|Any CPU = Debug|Any CPU
		Release|Any CPU = Release|Any CPU
	EndGlobalSection
	GlobalSection(ProjectConfigurationPlatforms) = postSolution
		{76F17574-EF34-475F-A8BA-3A3F6F90AB3E}.Debug|Any CPU.ActiveCfg = Debug|Any CPU
		{76F17574-EF34-475F-A8BA-3A3F6F90AB3E}.Debug|Any CPU.Build.0 = Debug|Any CPU
		{76F17574-EF34-475F-A8BA-3A3F6F90AB3E}.Release|Any CPU.ActiveCfg = Release|Any CPU
		{76F17574-EF34-475F-A8BA-3A3F6F90AB3E}.Release|Any CPU.Build.0 = Release|Any CPU
		{B39C87A9-5163-4A64-8853-9392FDAEE972}.Debug|Any CPU.ActiveCfg = Debug|Any CPU
		{B39C87A9-5163-4A64-8853-9392FDAEE972}.Debug|Any CPU.Build.0 = Debug|Any CPU
		{B39C87A9-5163-4A64-8853-9392FDAEE972}.Release|Any CPU.ActiveCfg = Release|Any CPU
		{B39C87A9-5163-4A64-8853-9392FDAEE972}.Release|Any CPU.Build.0 = Release|Any CPU
		{4C3C9013-0E7E-4CA1-961F-4F48F75D678F}.Debug|Any CPU.ActiveCfg = Debug|Any CPU
		{4C3C9013-0E7E-4CA1-961F-4F48F75D678F}.Debug|Any CPU.Build.0 = Debug|Any CPU
		{4C3C9013-0E7E-4CA1-961F-4F48F75D678F}.Release|Any CPU.ActiveCfg = Release|Any CPU
		{4C3C9013-0E7E-4CA1-961F-4F48F75D678F}.Release|Any CPU.Build.0 = Release|Any CPU
		{92E2D780-8E9C-4DB4-8B5A-4A5A31BE79A1}.Debug|Any CPU.ActiveCfg = Debug|Any CPU
		{92E2D780-8E9C-4DB4-8B5A-4A5A31BE79A1}.Debug|Any CPU.Build.0 = Debug|Any CPU
		{92E2D780-8E9C-4DB4-8B5A-4A5A31BE79A1}.Release|Any CPU.ActiveCfg = Release|Any CPU
		{92E2D780-8E9C-4DB4-8B5A-4A5A31BE79A1}.Release|Any CPU.Build.0 = Release|Any CPU
	EndGlobalSection
	GlobalSection(SolutionProperties) = preSolution
		HideSolutionNode = FALSE
	EndGlobalSection
EndGlobal
